# This file is automatically @generated by Cargo.
# It is not intended for manual editing.
version = 3

[[package]]
name = "any_ascii"
version = "0.3.0"
source = "registry+https://github.com/rust-lang/crates.io-index"
checksum = "2ff4eacbbe7430f589efd00fde89220646ada6e1a81b0ea220bf88ac62b5d615"

[[package]]
name = "fs_extra"
version = "1.2.0"
source = "registry+https://github.com/rust-lang/crates.io-index"
checksum = "2022715d62ab30faffd124d40b76f4134a550a87792276512b18d63272333394"

[[package]]
name = "heck"
version = "0.3.3"
source = "registry+https://github.com/rust-lang/crates.io-index"
checksum = "6d621efb26863f0e9924c6ac577e8275e5e6b77455db64ffa6c65c904e9e132c"
dependencies = [
 "unicode-segmentation",
]

[[package]]
name = "itoa"
version = "1.0.1"
source = "registry+https://github.com/rust-lang/crates.io-index"
checksum = "1aab8fc367588b89dcee83ab0fd66b72b50b72fa1904d7095045ace2b0c81c35"

[[package]]
name = "lazy_static"
version = "1.4.0"
source = "registry+https://github.com/rust-lang/crates.io-index"
checksum = "e2abad23fbc42b3700f2f279844dc832adb2b2eb069b2df918f455c4e18cc646"

[[package]]
name = "pad"
version = "0.1.6"
source = "registry+https://github.com/rust-lang/crates.io-index"
checksum = "d2ad9b889f1b12e0b9ee24db044b5129150d5eada288edc800f789928dc8c0e3"
dependencies = [
 "unicode-width",
]

[[package]]
name = "proc-macro2"
version = "1.0.36"
source = "registry+https://github.com/rust-lang/crates.io-index"
checksum = "c7342d5883fbccae1cc37a2353b09c87c9b0f3afd73f5fb9bba687a1f733b029"
dependencies = [
 "unicode-xid",
]

[[package]]
name = "quote"
version = "1.0.15"
source = "registry+https://github.com/rust-lang/crates.io-index"
checksum = "864d3e96a899863136fc6e99f3d7cae289dafe43bf2c5ac19b70df7210c0a145"
dependencies = [
 "proc-macro2",
]

[[package]]
name = "rustversion"
version = "1.0.6"
source = "registry+https://github.com/rust-lang/crates.io-index"
checksum = "f2cc38e8fa666e2de3c4aba7edeb5ffc5246c1c2ed0e3d17e560aeeba736b23f"

[[package]]
name = "ryu"
version = "1.0.9"
source = "registry+https://github.com/rust-lang/crates.io-index"
checksum = "73b4b750c782965c211b42f022f59af1fbceabdd026623714f104152f1ec149f"

[[package]]
name = "serde"
version = "1.0.136"
source = "registry+https://github.com/rust-lang/crates.io-index"
checksum = "ce31e24b01e1e524df96f1c2fdd054405f8d7376249a5110886fb4b658484789"
dependencies = [
 "serde_derive",
]

[[package]]
name = "serde_derive"
version = "1.0.136"
source = "registry+https://github.com/rust-lang/crates.io-index"
checksum = "08597e7152fcd306f41838ed3e37be9eaeed2b61c42e2117266a554fab4662f9"
dependencies = [
 "proc-macro2",
 "quote",
 "syn",
]

[[package]]
name = "serde_json"
version = "1.0.78"
source = "registry+https://github.com/rust-lang/crates.io-index"
checksum = "d23c1ba4cf0efd44be32017709280b32d1cea5c3f1275c3b6d9e8bc54f758085"
dependencies = [
 "itoa",
 "ryu",
 "serde",
]

[[package]]
name = "strum"
version = "0.23.0"
source = "registry+https://github.com/rust-lang/crates.io-index"
checksum = "cae14b91c7d11c9a851d3fbc80a963198998c2a64eec840477fa92d8ce9b70bb"

[[package]]
name = "strum_macros"
version = "0.23.1"
source = "registry+https://github.com/rust-lang/crates.io-index"
checksum = "5bb0dc7ee9c15cea6199cde9a127fa16a4c5819af85395457ad72d68edc85a38"
dependencies = [
 "heck",
 "proc-macro2",
 "quote",
 "rustversion",
 "syn",
]

[[package]]
name = "syn"
version = "1.0.86"
source = "registry+https://github.com/rust-lang/crates.io-index"
checksum = "8a65b3f4ffa0092e9887669db0eae07941f023991ab58ea44da8fe8e2d511c6b"
dependencies = [
 "proc-macro2",
 "quote",
 "unicode-xid",
]

[[package]]
name = "unicode-segmentation"
version = "1.8.0"
source = "registry+https://github.com/rust-lang/crates.io-index"
checksum = "8895849a949e7845e06bd6dc1aa51731a103c42707010a5b591c0038fb73385b"

[[package]]
name = "unicode-width"
version = "0.1.9"
source = "registry+https://github.com/rust-lang/crates.io-index"
checksum = "3ed742d4ea2bd1176e236172c8429aaf54486e7ac098db29ffe6529e0ce50973"

[[package]]
name = "unicode-xid"
version = "0.2.2"
source = "registry+https://github.com/rust-lang/crates.io-index"
checksum = "8ccb82d61f80a663efe1f787a51b16b5a51e3314d6ac365b08639f52387b33f3"

[[package]]
name = "wt_ballistics_calc"
version = "0.2.0"
dependencies = [
 "pad",
 "serde",
 "serde_json",
 "wt_datamine_extractor",
]

[[package]]
name = "wt_csv"
version = "0.8.0"
source = "registry+https://github.com/rust-lang/crates.io-index"
checksum = "00c4d1883527f3cafe5a40c1e4cd63e66c8b9f0c4114f235e1d6f891da7b3aac"

[[package]]
name = "wt_datamine_extractor"
version = "0.3.0"
source = "git+https://github.com/FlareFlo/wt_datamine_extractor#6123a8d4ec626f1c867c092e7c8459e2daba16fd"
dependencies = [
 "any_ascii",
 "fs_extra",
 "lazy_static",
 "serde",
 "serde_json",
 "strum",
 "strum_macros",
 "wt_csv",
]
